<?xml version="1.0" encoding="utf-8"?>
<Project ToolsVersion="4.0" xmlns="http://schemas.microsoft.com/developer/msbuild/2003">
  <ItemGroup>
    <Filter Include="Source Files">
      <UniqueIdentifier>{4FC737F1-C7A5-4376-A066-2A32D752A2FF}</UniqueIdentifier>
      <Extensions>cpp;c;cc;cxx;def;odl;idl;hpj;bat;asm;asmx</Extensions>
    </Filter>
    <Filter Include="Header Files">
      <UniqueIdentifier>{93995380-89BD-4b04-88EB-625FBE52EBFB}</UniqueIdentifier>
      <Extensions>h;hh;hpp;hxx;hm;inl;inc;ipp;xsd</Extensions>
    </Filter>
    <Filter Include="Resource Files">
      <UniqueIdentifier>{67DA6AB6-F800-4c08-8B7A-83BB121AAD01}</UniqueIdentifier>
      <Extensions>rc;ico;cur;bmp;dlg;rc2;rct;bin;rgs;gif;jpg;jpeg;jpe;resx;tiff;tif;png;wav;mfcribbon-ms</Extensions>
    </Filter>
    <Filter Include="Source Files\WinApiFramework">
      <UniqueIdentifier>{e3bb5029-4925-45be-8c22-2bed26c96f45}</UniqueIdentifier>
    </Filter>
    <Filter Include="Header Files\WinApiFramework">
      <UniqueIdentifier>{1d608254-ab42-4a92-8c46-8ceed668c18b}</UniqueIdentifier>
    </Filter>
    <Filter Include="Header Files\WinApiFramework\Controls">
      <UniqueIdentifier>{914dbc71-82a3-4f27-8b33-a6b22f5321d6}</UniqueIdentifier>
    </Filter>
    <Filter Include="Header Files\WinApiFramework\BaseClasses">
      <UniqueIdentifier>{99d8c84c-1b7d-443c-b585-75bb3faa886c}</UniqueIdentifier>
    </Filter>
    <Filter Include="Header Files\WinApiFramework\Input">
      <UniqueIdentifier>{dd8d3966-0e37-495e-adee-d92ffab9831b}</UniqueIdentifier>
    </Filter>
    <Filter Include="Source Files\WinApiFramework\Controls">
      <UniqueIdentifier>{ee63fc79-b222-4d41-9008-e08668049371}</UniqueIdentifier>
    </Filter>
    <Filter Include="Source Files\WinApiFramework\BaseClasses">
      <UniqueIdentifier>{44358320-5191-4b3a-b023-0a90366e4d4c}</UniqueIdentifier>
    </Filter>
    <Filter Include="Source Files\WinApiFramework\Input">
      <UniqueIdentifier>{44a737b2-01d8-4d9c-b539-4efb67accd9e}</UniqueIdentifier>
    </Filter>
  </ItemGroup>
  <ItemGroup>
    <ClCompile Include="WinApiFramework.cpp">
      <Filter>Source Files\WinApiFramework</Filter>
    </ClCompile>
    <ClCompile Include="WinApiWindow.cpp">
      <Filter>Source Files\WinApiFramework</Filter>
    </ClCompile>
    <ClCompile Include="Precompiled.cpp">
      <Filter>Source Files</Filter>
    </ClCompile>
    <ClCompile Include="DataTypes.cpp">
      <Filter>Source Files</Filter>
    </ClCompile>
    <ClCompile Include="Button.cpp">
      <Filter>Source Files\WinApiFramework\Controls</Filter>
    </ClCompile>
    <ClCompile Include="CheckBox.cpp">
      <Filter>Source Files\WinApiFramework\Controls</Filter>
    </ClCompile>
    <ClCompile Include="Edit.cpp">
      <Filter>Source Files\WinApiFramework\Controls</Filter>
    </ClCompile>
    <ClCompile Include="GraphicsBox.cpp">
      <Filter>Source Files\WinApiFramework\Controls</Filter>
    </ClCompile>
    <ClCompile Include="Label.cpp">
      <Filter>Source Files\WinApiFramework\Controls</Filter>
    </ClCompile>
    <ClCompile Include="ProgressBar.cpp">
      <Filter>Source Files\WinApiFramework\Controls</Filter>
    </ClCompile>
    <ClCompile Include="TrackBar.cpp">
      <Filter>Source Files\WinApiFramework\Controls</Filter>
    </ClCompile>
    <ClCompile Include="Keyboard.cpp">
      <Filter>Source Files\WinApiFramework\Input</Filter>
    </ClCompile>
    <ClCompile Include="Mouse.cpp">
      <Filter>Source Files\WinApiFramework\Input</Filter>
    </ClCompile>
    <ClCompile Include="BaseControl.cpp">
      <Filter>Source Files\WinApiFramework\BaseClasses</Filter>
    </ClCompile>
  </ItemGroup>
  <ItemGroup>
    <ClInclude Include="WinApiWindow.h">
      <Filter>Header Files\WinApiFramework</Filter>
    </ClInclude>
    <ClInclude Include="WinApiWindowControls.h">
      <Filter>Header Files\WinApiFramework</Filter>
    </ClInclude>
    <ClInclude Include="WinApiFramework.h">
      <Filter>Header Files\WinApiFramework</Filter>
    </ClInclude>
    <ClInclude Include="ExternIncludes.h">
      <Filter>Header Files</Filter>
    </ClInclude>
    <ClInclude Include="WindowInclude.h">
      <Filter>Header Files</Filter>
    </ClInclude>
    <ClInclude Include="Precompiled.h">
      <Filter>Header Files</Filter>
    </ClInclude>
    <ClInclude Include="DataTypes.h">
      <Filter>Header Files</Filter>
    </ClInclude>
    <ClInclude Include="Button.h">
      <Filter>Header Files\WinApiFramework\Controls</Filter>
    </ClInclude>
    <ClInclude Include="Keyboard.h">
      <Filter>Header Files\WinApiFramework\Input</Filter>
    </ClInclude>
    <ClInclude Include="Mouse.h">
      <Filter>Header Files\WinApiFramework\Input</Filter>
    </ClInclude>
    <ClInclude Include="BaseControl.h">
      <Filter>Header Files\WinApiFramework\BaseClasses</Filter>
    </ClInclude>
    <ClInclude Include="CheckBox.h">
      <Filter>Header Files\WinApiFramework\Controls</Filter>
    </ClInclude>
    <ClInclude Include="Edit.h">
      <Filter>Header Files\WinApiFramework\Controls</Filter>
    </ClInclude>
    <ClInclude Include="GraphicsBox.h">
      <Filter>Header Files\WinApiFramework\Controls</Filter>
    </ClInclude>
    <ClInclude Include="Label.h">
      <Filter>Header Files\WinApiFramework\Controls</Filter>
    </ClInclude>
    <ClInclude Include="ProgressBar.h">
      <Filter>Header Files\WinApiFramework\Controls</Filter>
    </ClInclude>
    <ClInclude Include="TrackBar.h">
      <Filter>Header Files\WinApiFramework\Controls</Filter>
    </ClInclude>
  </ItemGroup>
</Project>